
Microsoft Visual Studio Solution File, Format Version 11.00
# Visual C++ Express 2010
Project("{8BC9CEB8-8B4A-11D0-8D11-00A0C91BC942}") = "heap-quiz", "heap-quiz\heap-quiz.vcxproj", "{5280E2DC-D5DE-4A07-A569-5625E1EE6995}"
EndProject
Global
	GlobalSection(SolutionConfigurationPlatforms) = preSolution
		Debug|Win32 = Debug|Win32
		Release|Win32 = Release|Win32
	EndGlobalSection
	GlobalSection(ProjectConfigurationPlatforms) = postSolution
		{5280E2DC-D5DE-4A07-A569-5625E1EE6995}.Debug|Win32.ActiveCfg = Debug|Win32
		{5280E2DC-D5DE-4A07-A569-5625E1EE6995}.Debug|Win32.Build.0 = Debug|Win32
		{5280E2DC-D5DE-4A07-A569-5625E1EE6995}.Release|Win32.ActiveCfg = Release|Win32
		{5280E2DC-D5DE-4A07-A569-5625E1EE6995}.Release|Win32.Build.0 = Release|Win32
	EndGlobalSection
	GlobalSection(SolutionProperties) = preSolution
		HideSolutionNode = FALSE
	EndGlobalSection
EndGlobal
